
Microsoft Visual Studio Solution File, Format Version 12.00
# Visual Studio 15
VisualStudioVersion = 15.0.27130.2024
MinimumVisualStudioVersion = 10.0.40219.1
Project("{FAE04EC0-301F-11D3-BF4B-00C04F79EFBC}") = "myll", "myll.csproj", "{0D86A0ED-2EFA-4455-8AE6-8440BBA3501B}"
EndProject
Global
	GlobalSection(SolutionConfigurationPlatforms) = preSolution
		Debug|Any CPU = Debug|Any CPU
		Release|Any CPU = Release|Any CPU
	EndGlobalSection
	GlobalSection(ProjectConfigurationPlatforms) = postSolution
		{0D86A0ED-2EFA-4455-8AE6-8440BBA3501B}.Debug|Any CPU.ActiveCfg = Debug|Any CPU
		{0D86A0ED-2EFA-4455-8AE6-8440BBA3501B}.Debug|Any CPU.Build.0 = Debug|Any CPU
		{0D86A0ED-2EFA-4455-8AE6-8440BBA3501B}.Release|Any CPU.ActiveCfg = Release|Any CPU
		{0D86A0ED-2EFA-4455-8AE6-8440BBA3501B}.Release|Any CPU.Build.0 = Release|Any CPU
	EndGlobalSection
	GlobalSection(SolutionProperties) = preSolution
		HideSolutionNode = FALSE
	EndGlobalSection
	GlobalSection(ExtensibilityGlobals) = postSolution
		SolutionGuid = {AA8D8043-D24D-409A-B2DE-6BE9018B49E1}
	EndGlobalSection
EndGlobal
